{
  "version": "4",
  "specifiers": {
    "npm:@clerk/backend@^1.24.1": "1.24.1",
    "npm:@clerk/shared@^2.21.1": "2.21.1",
    "npm:@clerk/types@^4.46.0": "4.46.0",
    "npm:@preact/signals@^1.3.0": "1.3.2_preact@10.25.4",
    "npm:preact@^10.24.3": "10.25.4"
  },
  "npm": {
    "@clerk/backend@1.24.1": {
      "integrity": "sha512-yxHgvtGePC67o8gJcLCP8S4ETeDGjnphGdQ+J8upmgsQ1GFt58pAZVXznpjwpLSkdOXa6XpvyAyV9mc6gFNfgw==",
      "dependencies": [
        "@clerk/shared",
        "@clerk/types",
        "cookie",
        "snakecase-keys",
        "tslib"
      ]
    },
    "@clerk/shared@2.21.1": {
      "integrity": "sha512-uwdxPI6RVa6f2YiOP8c1yDIjwTXB4IGG9BWKyiDGB5328UvPpEXnxutHUppXwLupM/XD/hNN9Npf+5CDbrR0wg==",
      "dependencies": [
        "@clerk/types",
        "dequal",
        "glob-to-regexp",
        "js-cookie",
        "std-env",
        "swr"
      ]
    },
    "@clerk/types@4.46.0": {
      "integrity": "sha512-HsY3OCS9T4YP95skfoxwDQ41axXaCkjq67JoXoXxh0VTdvFXVzHwAoRiCvv9dLJeoapf1bfwJjGEMnDuNi3gbw==",
      "dependencies": [
        "csstype"
      ]
    },
    "@preact/signals-core@1.8.0": {
      "integrity": "sha512-OBvUsRZqNmjzCZXWLxkZfhcgT+Fk8DDcT/8vD6a1xhDemodyy87UJRJfASMuSD8FaAIeGgGm85ydXhm7lr4fyA=="
    },
    "@preact/signals@1.3.2_preact@10.25.4": {
      "integrity": "sha512-naxcJgUJ6BTOROJ7C3QML7KvwKwCXQJYTc5L/b0eEsdYgPB6SxwoQ1vDGcS0Q7GVjAenVq/tXrybVdFShHYZWg==",
      "dependencies": [
        "@preact/signals-core",
        "preact"
      ]
    },
    "cookie@1.0.2": {
      "integrity": "sha512-9Kr/j4O16ISv8zBBhJoi4bXOYNTkFLOqSL3UDB0njXxCXNezjeyVrJyGOWtgfs/q2km1gwBcfH8q1yEGoMYunA=="
    },
    "csstype@3.1.3": {
      "integrity": "sha512-M1uQkMl8rQK/szD0LNhtqxIPLpimGm8sOBwU7lLnCpSbTyY3yeU1Vc7l4KT5zT4s/yOxHH5O7tIuuLOCnLADRw=="
    },
    "dequal@2.0.3": {
      "integrity": "sha512-0je+qPKHEMohvfRTCEo3CrPG6cAzAYgmzKyxRiYSSDkS6eGJdyVJm7WaYA5ECaAD9wLB2T4EEeymA5aFVcYXCA=="
    },
    "dot-case@3.0.4": {
      "integrity": "sha512-Kv5nKlh6yRrdrGvxeJ2e5y2eRUpkUosIW4A2AS38zwSz27zu7ufDwQPi5Jhs3XAlGNetl3bmnGhQsMtkKJnj3w==",
      "dependencies": [
        "no-case",
        "tslib"
      ]
    },
    "glob-to-regexp@0.4.1": {
      "integrity": "sha512-lkX1HJXwyMcprw/5YUZc2s7DrpAiHB21/V+E1rHUrVNokkvB6bqMzT0VfV6/86ZNabt1k14YOIaT7nDvOX3Iiw=="
    },
    "js-cookie@3.0.5": {
      "integrity": "sha512-cEiJEAEoIbWfCZYKWhVwFuvPX1gETRYPw6LlaTKoxD3s2AkXzkCjnp6h0V77ozyqj0jakteJ4YqDJT830+lVGw=="
    },
    "lower-case@2.0.2": {
      "integrity": "sha512-7fm3l3NAF9WfN6W3JOmf5drwpVqX78JtoGJ3A6W0a6ZnldM41w2fV5D490psKFTpMds8TJse/eHLFFsNHHjHgg==",
      "dependencies": [
        "tslib"
      ]
    },
    "map-obj@4.3.0": {
      "integrity": "sha512-hdN1wVrZbb29eBGiGjJbeP8JbKjq1urkHJ/LIP/NY48MZ1QVXUsQBV1G1zvYFHn1XE06cwjBsOI2K3Ulnj1YXQ=="
    },
    "no-case@3.0.4": {
      "integrity": "sha512-fgAN3jGAh+RoxUGZHTSOLJIqUc2wmoBwGR4tbpNAKmmovFoWq0OdRkb0VkldReO2a2iBT/OEulG9XSUc10r3zg==",
      "dependencies": [
        "lower-case",
        "tslib"
      ]
    },
    "preact@10.25.4": {
      "integrity": "sha512-jLdZDb+Q+odkHJ+MpW/9U5cODzqnB+fy2EiHSZES7ldV5LK7yjlVzTp7R8Xy6W6y75kfK8iWYtFVH7lvjwrCMA=="
    },
    "react@19.0.0": {
      "integrity": "sha512-V8AVnmPIICiWpGfm6GLzCR/W5FXLchHop40W4nXBmdlEceh16rCN8O8LNWm5bh5XUX91fh7KpA+W0TgMKmgTpQ=="
    },
    "snake-case@3.0.4": {
      "integrity": "sha512-LAOh4z89bGQvl9pFfNF8V146i7o7/CqFPbqzYgP+yYzDIDeS9HaNFtXABamRW+AQzEVODcvE79ljJ+8a9YSdMg==",
      "dependencies": [
        "dot-case",
        "tslib"
      ]
    },
    "snakecase-keys@8.0.1": {
      "integrity": "sha512-Sj51kE1zC7zh6TDlNNz0/Jn1n5HiHdoQErxO8jLtnyrkJW/M5PrI7x05uDgY3BO7OUQYKCvmeMurW6BPUdwEOw==",
      "dependencies": [
        "map-obj",
        "snake-case",
        "type-fest"
      ]
    },
    "std-env@3.8.0": {
      "integrity": "sha512-Bc3YwwCB+OzldMxOXJIIvC6cPRWr/LxOp48CdQTOkPyk/t4JWWJbrilwBd7RJzKV8QW7tJkcgAmeuLLJugl5/w=="
    },
    "swr@2.3.2_react@19.0.0": {
      "integrity": "sha512-RosxFpiabojs75IwQ316DGoDRmOqtiAj0tg8wCcbEu4CiLZBs/a9QNtHV7TUfDXmmlgqij/NqzKq/eLelyv9xA==",
      "dependencies": [
        "dequal",
        "react",
        "use-sync-external-store"
      ]
    },
    "tslib@2.4.1": {
      "integrity": "sha512-tGyy4dAjRIEwI7BzsB0lynWgOpfqjUdq91XXAlIWD2OwKBH7oCl/GZG/HT4BOHrTlPMOASlMQ7veyTqpmRcrNA=="
    },
    "type-fest@4.34.1": {
      "integrity": "sha512-6kSc32kT0rbwxD6QL1CYe8IqdzN/J/ILMrNK+HMQCKH3insCDRY/3ITb0vcBss0a3t72fzh2YSzj8ko1HgwT3g=="
    },
    "use-sync-external-store@1.4.0_react@19.0.0": {
      "integrity": "sha512-9WXSPC5fMv61vaupRkCKCxsPxBocVnwakBEkMIHHpkTTg6icbJtg6jzgtLDm4bl3cSHAca52rYWih0k4K3PfHw==",
      "dependencies": [
        "react"
      ]
    }
  },
  "workspace": {
    "dependencies": [
      "jsr:@fresh/core@^2.0.0-alpha.29",
      "npm:@preact/signals@^1.3.0",
      "npm:preact@^10.24.3"
    ]
  }
}
